<Solution>
  <Project Path="EX01HelloWorld/EX01HelloWorld.csproj" />
  <Project Path="EX02Datatypes/EX02Datatypes.csproj" />
  <Project Path="EX04ReadLine/EX04ReadLine.csproj" />
  <Project Path="EX05Arithmetic/EX05Arithmetic.csproj" Id="4479c2fa-85c6-4ea1-8f91-0742f695bf03" />
  <Project Path="EX06ComparisonOperators/EX06ComparisonOperators.csproj" Id="5b1ae8be-43ca-48e8-9aac-c6014bcfd3f7" />
  <Project Path="EX07ExtraSelectionIfElse/EX07ExtraSelectionIfElse.csproj" Id="14e42a1f-67e2-45e5-a951-aa90734a35da" />
  <Project Path="EX07SelectionIfElse/EX07SelectionIfElse.csproj" Id="3964e446-1ed9-4454-baa0-928218518891" />
  <Project Path="EX08BooleanAlgebra/EX08BooleanAlgebra.csproj" Id="dc9ed88b-6c86-4d77-bc8f-08fd9e80318a" />
  <Project Path="EX09BooleanIf/EX09BooleanIf.csproj" Id="986357b4-6ce9-4195-a43f-3ef55480e312" />
  <Project Path="EX10Switch/EX10Switch.csproj" Id="a0a05b05-49c2-4b9b-8273-9cb274a51a6d" />
  <Project Path="EX11While/EX11While.csproj" Id="e6a07a34-5ab8-40a6-aa77-3a942565c7ca" />
  <Project Path="Opgave1/Opgave1.csproj" Id="70f7a2f9-59b5-4fdc-b5d1-66ce5aa1af62" />
  <Project Path="Opgave2/Opgave2.csproj" Id="d5d6db8b-3b6a-43c5-8830-4fd93536aa38" />
  <Project Path="Opgave3/Opgave3.csproj" Id="82f78571-a30f-4060-9544-1f0712ce5f25" />
  <Project Path="Opgave4/Opgave4.csproj" Id="6e032e09-c94c-4405-8bba-09ed305b2953" />
  <Project Path="Opgave5/Opgave5.csproj" Id="5dd59e15-22cb-40c1-8d2d-4487a3e59ce9" />
</Solution>
