<Solution>
  <Project Path="EX01HelloWorld/EX01HelloWorld.csproj" />
  <Project Path="EX02Datatypes/EX02Datatypes.csproj" />
  <Project Path="EX04ReadLine/EX04ReadLine.csproj" />
  <Project Path="EX05Arithmetic/EX05Arithmetic.csproj" />
  <Project Path="EX06ComparisonOperators/EX06ComparisonOperators.csproj" />
  <Project Path="EX07ExtraSelectionIfElse/EX07ExtraSelectionIfElse.csproj" />
  <Project Path="EX07SelectionIfElse/EX07SelectionIfElse.csproj" />
  <Project Path="EX08BooleanAlgebra/EX08BooleanAlgebra.csproj" />
  <Project Path="EX09BooleanIf/EX09BooleanIf.csproj" />
  <Project Path="EX10Switch/EX10Switch.csproj" />
  <Project Path="EX11While/EX11While.csproj" />
  <Project Path="EX13Arrays/EX13Arrays.csproj" />
  <Project Path="EX14Lists/EX14Lists.csproj" />
  <Project Path="EX15Time/EX15Time.csproj" />
  <Project Path="EX16Methods/EX16Methods.csproj" />
  <Project Path="EX17Objects/EX17Objects.csproj" />
  <Project Path="EX18SimpleClasses/EX18SimpleClasses.csproj" />
  <Project Path="OOPBasics/OOPBasics.csproj" />
  <Project Path="OOPEncapsulation/OOPEncapsulation.csproj" />
  <Project Path="Opgave1/Opgave1.csproj" />
  <Project Path="Opgave2/Opgave2.csproj" />
  <Project Path="Opgave3/Opgave3.csproj" />
  <Project Path="Opgave4/Opgave4.csproj" />
  <Project Path="Opgave5/Opgave5.csproj" />
  <Project Path="PayCalculator/PayCheck.csproj" Id="32674a99-bbff-4db8-ac3e-c05a4b207ec4" />
  <Project Path="Smart Menu/Smart Menu.csproj" />
  <Project Path="WhileOpgave1/WhileOpgave1.csproj" />
</Solution>
